// !$*UTF8*$!
{
	archiveVersion = 1;
	classes = {
	};
	objectVersion = 50;
	objects = {

/* Begin PBXBuildFile section */
		6F0865F42416680700D353F7 /* CloudKit.framework in Frameworks */ = {isa = PBXBuildFile; fileRef = 6F0865F32416680700D353F7 /* CloudKit.framework */; };
		6F0865F824167B3400D353F7 /* NewPS.swift in Sources */ = {isa = PBXBuildFile; fileRef = 6F0865F724167B3400D353F7 /* NewPS.swift */; };
		6F0865FD24167D1B00D353F7 /* ABBYY.xcdatamodeld in Sources */ = {isa = PBXBuildFile; fileRef = 6F0ABF7E2299625F006A9748 /* ABBYY.xcdatamodeld */; };
		6F0865FE24167D1C00D353F7 /* ABBYY.xcdatamodeld in Sources */ = {isa = PBXBuildFile; fileRef = 6F0ABF7E2299625F006A9748 /* ABBYY.xcdatamodeld */; };
		6F086602241681F800D353F7 /* TodayViewController.swift in Sources */ = {isa = PBXBuildFile; fileRef = 6F8809A122A6C58800B3E86E /* TodayViewController.swift */; };
		6F086608241682F600D353F7 /* NewPS.swift in Sources */ = {isa = PBXBuildFile; fileRef = 6F0865F724167B3400D353F7 /* NewPS.swift */; };
		6F08660A2416844F00D353F7 /* Note.swift in Sources */ = {isa = PBXBuildFile; fileRef = 6F0866092416844F00D353F7 /* Note.swift */; };
		6F0ABF782299625F006A9748 /* AppDelegate.swift in Sources */ = {isa = PBXBuildFile; fileRef = 6F0ABF772299625F006A9748 /* AppDelegate.swift */; };
		6F0ABF7A2299625F006A9748 /* ViewController.swift in Sources */ = {isa = PBXBuildFile; fileRef = 6F0ABF792299625F006A9748 /* ViewController.swift */; };
		6F0ABF7D2299625F006A9748 /* Main.storyboard in Resources */ = {isa = PBXBuildFile; fileRef = 6F0ABF7B2299625F006A9748 /* Main.storyboard */; };
		6F0ABF802299625F006A9748 /* ABBYY.xcdatamodeld in Sources */ = {isa = PBXBuildFile; fileRef = 6F0ABF7E2299625F006A9748 /* ABBYY.xcdatamodeld */; };
		6F0ABF8222996260006A9748 /* Assets.xcassets in Resources */ = {isa = PBXBuildFile; fileRef = 6F0ABF8122996260006A9748 /* Assets.xcassets */; };
		6F0ABF8522996260006A9748 /* LaunchScreen.storyboard in Resources */ = {isa = PBXBuildFile; fileRef = 6F0ABF8322996260006A9748 /* LaunchScreen.storyboard */; };
		6F0ABF8D229A9A82006A9748 /* CustomTableViewCell.swift in Sources */ = {isa = PBXBuildFile; fileRef = 6F0ABF8C229A9A82006A9748 /* CustomTableViewCell.swift */; };
		6F0ABF8F229AA5EC006A9748 /* Note.swift in Sources */ = {isa = PBXBuildFile; fileRef = 6F0ABF8E229AA5EC006A9748 /* Note.swift */; };
		6F0ABF92229AC9DD006A9748 /* CreateViewController.swift in Sources */ = {isa = PBXBuildFile; fileRef = 6F0ABF91229AC9DD006A9748 /* CreateViewController.swift */; };
		6F26B0E92413B3F800574572 /* Quicksand-Regular.ttf in Resources */ = {isa = PBXBuildFile; fileRef = 6F26B0E72413B3F700574572 /* Quicksand-Regular.ttf */; };
		6F26B0EA2413B3F800574572 /* Quicksand-Regular.ttf in Resources */ = {isa = PBXBuildFile; fileRef = 6F26B0E72413B3F700574572 /* Quicksand-Regular.ttf */; };
		6F26B0F6241426ED00574572 /* NotificationService.swift in Sources */ = {isa = PBXBuildFile; fileRef = 6F26B0F5241426ED00574572 /* NotificationService.swift */; };
		6F5F815A22A1A57B00F1A197 /* InformationViewController.swift in Sources */ = {isa = PBXBuildFile; fileRef = 6F5F815922A1A57B00F1A197 /* InformationViewController.swift */; };
		6F7ADCE62417CE3D0074B6F9 /* Quicksand-Bold.ttf in Resources */ = {isa = PBXBuildFile; fileRef = 6F7ADCE52417CE3C0074B6F9 /* Quicksand-Bold.ttf */; };
		6F7ADCE72417CE3D0074B6F9 /* Quicksand-Bold.ttf in Resources */ = {isa = PBXBuildFile; fileRef = 6F7ADCE52417CE3C0074B6F9 /* Quicksand-Bold.ttf */; };
		6F7ADCE82417CE3D0074B6F9 /* Quicksand-Bold.ttf in Resources */ = {isa = PBXBuildFile; fileRef = 6F7ADCE52417CE3C0074B6F9 /* Quicksand-Bold.ttf */; };
		6F7ADCE92417DFC00074B6F9 /* Quicksand-Regular.ttf in Resources */ = {isa = PBXBuildFile; fileRef = 6F26B0E72413B3F700574572 /* Quicksand-Regular.ttf */; };
		6F7ADCEB2417DFC70074B6F9 /* Quicksand-M.ttf in Resources */ = {isa = PBXBuildFile; fileRef = 6F7ADCEF2417DFC70074B6F9 /* Quicksand-M.ttf */; };
		6F7ADCEC2417DFC70074B6F9 /* Quicksand-M.ttf in Resources */ = {isa = PBXBuildFile; fileRef = 6F7ADCEF2417DFC70074B6F9 /* Quicksand-M.ttf */; };
		6F7ADCED2417DFC70074B6F9 /* Quicksand-M.ttf in Resources */ = {isa = PBXBuildFile; fileRef = 6F7ADCEF2417DFC70074B6F9 /* Quicksand-M.ttf */; };
		6F7ADCF32418D0A80074B6F9 /* Comfortaa-Light.ttf in Resources */ = {isa = PBXBuildFile; fileRef = 6F7ADCF02418D0A80074B6F9 /* Comfortaa-Light.ttf */; };
		6F7ADCF42418D0A90074B6F9 /* Comfortaa-Light.ttf in Resources */ = {isa = PBXBuildFile; fileRef = 6F7ADCF02418D0A80074B6F9 /* Comfortaa-Light.ttf */; };
		6F7ADCF52418D0A90074B6F9 /* Comfortaa-Light.ttf in Resources */ = {isa = PBXBuildFile; fileRef = 6F7ADCF02418D0A80074B6F9 /* Comfortaa-Light.ttf */; };
		6F7ADCF62418D0A90074B6F9 /* Comfortaa-Regular.ttf in Resources */ = {isa = PBXBuildFile; fileRef = 6F7ADCF12418D0A80074B6F9 /* Comfortaa-Regular.ttf */; };
		6F7ADCF72418D0A90074B6F9 /* Comfortaa-Regular.ttf in Resources */ = {isa = PBXBuildFile; fileRef = 6F7ADCF12418D0A80074B6F9 /* Comfortaa-Regular.ttf */; };
		6F7ADCF82418D0A90074B6F9 /* Comfortaa-Regular.ttf in Resources */ = {isa = PBXBuildFile; fileRef = 6F7ADCF12418D0A80074B6F9 /* Comfortaa-Regular.ttf */; };
		6F7ADCF92418D0A90074B6F9 /* Comfortaa-Bold.ttf in Resources */ = {isa = PBXBuildFile; fileRef = 6F7ADCF22418D0A80074B6F9 /* Comfortaa-Bold.ttf */; };
		6F7ADCFA2418D0A90074B6F9 /* Comfortaa-Bold.ttf in Resources */ = {isa = PBXBuildFile; fileRef = 6F7ADCF22418D0A80074B6F9 /* Comfortaa-Bold.ttf */; };
		6F7ADCFB2418D0A90074B6F9 /* Comfortaa-Bold.ttf in Resources */ = {isa = PBXBuildFile; fileRef = 6F7ADCF22418D0A80074B6F9 /* Comfortaa-Bold.ttf */; };
		6F88099322A677B500B3E86E /* TaskInfo.swift in Sources */ = {isa = PBXBuildFile; fileRef = 6F88099222A677B500B3E86E /* TaskInfo.swift */; };
		6F88099F22A6C58800B3E86E /* NotificationCenter.framework in Frameworks */ = {isa = PBXBuildFile; fileRef = 6F88099E22A6C58800B3E86E /* NotificationCenter.framework */; };
		6F8809A522A6C58800B3E86E /* MainInterface.storyboard in Resources */ = {isa = PBXBuildFile; fileRef = 6F8809A322A6C58800B3E86E /* MainInterface.storyboard */; };
		6F8809A922A6C58800B3E86E /* ABBYY ext.appex in Embed App Extensions */ = {isa = PBXBuildFile; fileRef = 6F88099C22A6C58800B3E86E /* ABBYY ext.appex */; settings = {ATTRIBUTES = (RemoveHeadersOnCopy, ); }; };
/* End PBXBuildFile section */

/* Begin PBXContainerItemProxy section */
		6F8809A722A6C58800B3E86E /* PBXContainerItemProxy */ = {
			isa = PBXContainerItemProxy;
			containerPortal = 6F0ABF6C2299625E006A9748 /* Project object */;
			proxyType = 1;
			remoteGlobalIDString = 6F88099B22A6C58800B3E86E;
			remoteInfo = "ABBYY ext";
		};
/* End PBXContainerItemProxy section */

/* Begin PBXCopyFilesBuildPhase section */
		6F8809AD22A6C58800B3E86E /* Embed App Extensions */ = {
			isa = PBXCopyFilesBuildPhase;
			buildActionMask = 2147483647;
			dstPath = "";
			dstSubfolderSpec = 13;
			files = (
				6F8809A922A6C58800B3E86E /* ABBYY ext.appex in Embed App Extensions */,
			);
			name = "Embed App Extensions";
			runOnlyForDeploymentPostprocessing = 0;
		};
/* End PBXCopyFilesBuildPhase section */

/* Begin PBXFileReference section */
		6F0865F32416680700D353F7 /* CloudKit.framework */ = {isa = PBXFileReference; lastKnownFileType = wrapper.framework; name = CloudKit.framework; path = System/Library/Frameworks/CloudKit.framework; sourceTree = SDKROOT; };
		6F0865F724167B3400D353F7 /* NewPS.swift */ = {isa = PBXFileReference; lastKnownFileType = sourcecode.swift; path = NewPS.swift; sourceTree = "<group>"; };
		6F0866092416844F00D353F7 /* Note.swift */ = {isa = PBXFileReference; lastKnownFileType = sourcecode.swift; path = Note.swift; sourceTree = "<group>"; };
		6F0ABF742299625F006A9748 /* ABBYY.app */ = {isa = PBXFileReference; explicitFileType = wrapper.application; includeInIndex = 0; path = ABBYY.app; sourceTree = BUILT_PRODUCTS_DIR; };
		6F0ABF772299625F006A9748 /* AppDelegate.swift */ = {isa = PBXFileReference; lastKnownFileType = sourcecode.swift; path = AppDelegate.swift; sourceTree = "<group>"; };
		6F0ABF792299625F006A9748 /* ViewController.swift */ = {isa = PBXFileReference; lastKnownFileType = sourcecode.swift; path = ViewController.swift; sourceTree = "<group>"; };
		6F0ABF7C2299625F006A9748 /* Base */ = {isa = PBXFileReference; lastKnownFileType = file.storyboard; name = Base; path = Base.lproj/Main.storyboard; sourceTree = "<group>"; };
		6F0ABF7F2299625F006A9748 /* ABBYY.xcdatamodel */ = {isa = PBXFileReference; lastKnownFileType = wrapper.xcdatamodel; path = ABBYY.xcdatamodel; sourceTree = "<group>"; };
		6F0ABF8122996260006A9748 /* Assets.xcassets */ = {isa = PBXFileReference; lastKnownFileType = folder.assetcatalog; path = Assets.xcassets; sourceTree = "<group>"; };
		6F0ABF8422996260006A9748 /* Base */ = {isa = PBXFileReference; lastKnownFileType = file.storyboard; name = Base; path = Base.lproj/LaunchScreen.storyboard; sourceTree = "<group>"; };
		6F0ABF8622996260006A9748 /* Info.plist */ = {isa = PBXFileReference; lastKnownFileType = text.plist.xml; path = Info.plist; sourceTree = "<group>"; };
		6F0ABF8C229A9A82006A9748 /* CustomTableViewCell.swift */ = {isa = PBXFileReference; lastKnownFileType = sourcecode.swift; path = CustomTableViewCell.swift; sourceTree = "<group>"; };
		6F0ABF8E229AA5EC006A9748 /* Note.swift */ = {isa = PBXFileReference; lastKnownFileType = sourcecode.swift; path = Note.swift; sourceTree = "<group>"; };
		6F0ABF91229AC9DD006A9748 /* CreateViewController.swift */ = {isa = PBXFileReference; lastKnownFileType = sourcecode.swift; path = CreateViewController.swift; sourceTree = "<group>"; };
		6F26B0E72413B3F700574572 /* Quicksand-Regular.ttf */ = {isa = PBXFileReference; lastKnownFileType = file; path = "Quicksand-Regular.ttf"; sourceTree = "<group>"; };
		6F26B0F3241426ED00574572 /* WatchNotification.appex */ = {isa = PBXFileReference; explicitFileType = "wrapper.app-extension"; includeInIndex = 0; path = WatchNotification.appex; sourceTree = BUILT_PRODUCTS_DIR; };
		6F26B0F5241426ED00574572 /* NotificationService.swift */ = {isa = PBXFileReference; lastKnownFileType = sourcecode.swift; path = NotificationService.swift; sourceTree = "<group>"; };
		6F26B0F7241426ED00574572 /* Info.plist */ = {isa = PBXFileReference; lastKnownFileType = text.plist.xml; path = Info.plist; sourceTree = "<group>"; };
		6F5F815922A1A57B00F1A197 /* InformationViewController.swift */ = {isa = PBXFileReference; lastKnownFileType = sourcecode.swift; path = InformationViewController.swift; sourceTree = "<group>"; };
		6F7ADCE52417CE3C0074B6F9 /* Quicksand-Bold.ttf */ = {isa = PBXFileReference; lastKnownFileType = file; path = "Quicksand-Bold.ttf"; sourceTree = "<group>"; };
		6F7ADCEE2417DFC70074B6F9 /* Base */ = {isa = PBXFileReference; lastKnownFileType = file; name = Base; path = "Base.lproj/Quicksand-M.ttf"; sourceTree = "<group>"; };
		6F7ADCF02418D0A80074B6F9 /* Comfortaa-Light.ttf */ = {isa = PBXFileReference; lastKnownFileType = file; path = "Comfortaa-Light.ttf"; sourceTree = "<group>"; };
		6F7ADCF12418D0A80074B6F9 /* Comfortaa-Regular.ttf */ = {isa = PBXFileReference; lastKnownFileType = file; path = "Comfortaa-Regular.ttf"; sourceTree = "<group>"; };
		6F7ADCF22418D0A80074B6F9 /* Comfortaa-Bold.ttf */ = {isa = PBXFileReference; lastKnownFileType = file; path = "Comfortaa-Bold.ttf"; sourceTree = "<group>"; };
		6F88099222A677B500B3E86E /* TaskInfo.swift */ = {isa = PBXFileReference; lastKnownFileType = sourcecode.swift; path = TaskInfo.swift; sourceTree = "<group>"; };
		6F88099C22A6C58800B3E86E /* ABBYY ext.appex */ = {isa = PBXFileReference; explicitFileType = "wrapper.app-extension"; includeInIndex = 0; path = "ABBYY ext.appex"; sourceTree = BUILT_PRODUCTS_DIR; };
		6F88099E22A6C58800B3E86E /* NotificationCenter.framework */ = {isa = PBXFileReference; lastKnownFileType = wrapper.framework; name = NotificationCenter.framework; path = System/Library/Frameworks/NotificationCenter.framework; sourceTree = SDKROOT; };
		6F8809A122A6C58800B3E86E /* TodayViewController.swift */ = {isa = PBXFileReference; lastKnownFileType = sourcecode.swift; name = TodayViewController.swift; path = "ABBYY ext/TodayViewController.swift"; sourceTree = SOURCE_ROOT; };
		6F8809A422A6C58800B3E86E /* Base */ = {isa = PBXFileReference; lastKnownFileType = file.storyboard; name = Base; path = Base.lproj/MainInterface.storyboard; sourceTree = "<group>"; };
		6F8809A622A6C58800B3E86E /* Info.plist */ = {isa = PBXFileReference; lastKnownFileType = text.plist.xml; path = Info.plist; sourceTree = "<group>"; };
		6F8809AE22A6C5CB00B3E86E /* ABBYY.entitlements */ = {isa = PBXFileReference; lastKnownFileType = text.plist.entitlements; path = ABBYY.entitlements; sourceTree = "<group>"; };
		6F8809AF22A6C60000B3E86E /* ABBYY ext.entitlements */ = {isa = PBXFileReference; lastKnownFileType = text.plist.entitlements; path = "ABBYY ext.entitlements"; sourceTree = "<group>"; };
/* End PBXFileReference section */

/* Begin PBXFrameworksBuildPhase section */
		6F0ABF712299625F006A9748 /* Frameworks */ = {
			isa = PBXFrameworksBuildPhase;
			buildActionMask = 2147483647;
			files = (
				6F0865F42416680700D353F7 /* CloudKit.framework in Frameworks */,
			);
			runOnlyForDeploymentPostprocessing = 0;
		};
		6F26B0F0241426ED00574572 /* Frameworks */ = {
			isa = PBXFrameworksBuildPhase;
			buildActionMask = 2147483647;
			files = (
			);
			runOnlyForDeploymentPostprocessing = 0;
		};
		6F88099922A6C58800B3E86E /* Frameworks */ = {
			isa = PBXFrameworksBuildPhase;
			buildActionMask = 2147483647;
			files = (
				6F88099F22A6C58800B3E86E /* NotificationCenter.framework in Frameworks */,
			);
			runOnlyForDeploymentPostprocessing = 0;
		};
/* End PBXFrameworksBuildPhase section */

/* Begin PBXGroup section */
		6F0ABF6B2299625E006A9748 = {
			isa = PBXGroup;
			children = (
				6F0865F724167B3400D353F7 /* NewPS.swift */,
				6F0ABF93229ACC05006A9748 /* Models */,
				6F26B0E62413B3E100574572 /* Fonts */,
				6F88099722A67B6A00B3E86E /* Views */,
				6F0ABF90229AC9AA006A9748 /* Controllers */,
				6F0ABF762299625F006A9748 /* ABBYY */,
				6F8809A022A6C58800B3E86E /* ABBYY ext */,
				6F26B0F4241426ED00574572 /* WatchNotification */,
				6F88099D22A6C58800B3E86E /* Frameworks */,
				6F0ABF752299625F006A9748 /* Products */,
			);
			sourceTree = "<group>";
		};
		6F0ABF752299625F006A9748 /* Products */ = {
			isa = PBXGroup;
			children = (
				6F0ABF742299625F006A9748 /* ABBYY.app */,
				6F88099C22A6C58800B3E86E /* ABBYY ext.appex */,
				6F26B0F3241426ED00574572 /* WatchNotification.appex */,
			);
			name = Products;
			sourceTree = "<group>";
		};
		6F0ABF762299625F006A9748 /* ABBYY */ = {
			isa = PBXGroup;
			children = (
				6F8809AE22A6C5CB00B3E86E /* ABBYY.entitlements */,
				6F0ABF772299625F006A9748 /* AppDelegate.swift */,
				6F0ABF7B2299625F006A9748 /* Main.storyboard */,
				6F0ABF8122996260006A9748 /* Assets.xcassets */,
				6F0ABF8322996260006A9748 /* LaunchScreen.storyboard */,
				6F0ABF8622996260006A9748 /* Info.plist */,
				6F0ABF7E2299625F006A9748 /* ABBYY.xcdatamodeld */,
			);
			path = ABBYY;
			sourceTree = "<group>";
		};
		6F0ABF90229AC9AA006A9748 /* Controllers */ = {
			isa = PBXGroup;
			children = (
				6F0ABF792299625F006A9748 /* ViewController.swift */,
				6F0ABF91229AC9DD006A9748 /* CreateViewController.swift */,
				6F5F815922A1A57B00F1A197 /* InformationViewController.swift */,
			);
			path = Controllers;
			sourceTree = "<group>";
		};
		6F0ABF93229ACC05006A9748 /* Models */ = {
			isa = PBXGroup;
			children = (
				6F0ABF8E229AA5EC006A9748 /* Note.swift */,
				6F88099222A677B500B3E86E /* TaskInfo.swift */,
			);
			path = Models;
			sourceTree = "<group>";
		};
		6F26B0E62413B3E100574572 /* Fonts */ = {
			isa = PBXGroup;
			children = (
				6F7ADCF22418D0A80074B6F9 /* Comfortaa-Bold.ttf */,
				6F7ADCF02418D0A80074B6F9 /* Comfortaa-Light.ttf */,
				6F7ADCF12418D0A80074B6F9 /* Comfortaa-Regular.ttf */,
				6F7ADCE52417CE3C0074B6F9 /* Quicksand-Bold.ttf */,
				6F7ADCEF2417DFC70074B6F9 /* Quicksand-M.ttf */,
				6F26B0E72413B3F700574572 /* Quicksand-Regular.ttf */,
			);
			path = Fonts;
			sourceTree = "<group>";
		};
		6F26B0F4241426ED00574572 /* WatchNotification */ = {
			isa = PBXGroup;
			children = (
				6F26B0F5241426ED00574572 /* NotificationService.swift */,
				6F26B0F7241426ED00574572 /* Info.plist */,
			);
			path = WatchNotification;
			sourceTree = "<group>";
		};
		6F88099722A67B6A00B3E86E /* Views */ = {
			isa = PBXGroup;
			children = (
				6F0ABF8C229A9A82006A9748 /* CustomTableViewCell.swift */,
			);
			path = Views;
			sourceTree = "<group>";
		};
		6F88099D22A6C58800B3E86E /* Frameworks */ = {
			isa = PBXGroup;
			children = (
				6F0865F32416680700D353F7 /* CloudKit.framework */,
				6F88099E22A6C58800B3E86E /* NotificationCenter.framework */,
			);
			name = Frameworks;
			sourceTree = "<group>";
		};
		6F8809A022A6C58800B3E86E /* ABBYY ext */ = {
			isa = PBXGroup;
			children = (
				6F8809AF22A6C60000B3E86E /* ABBYY ext.entitlements */,
				6F8809A122A6C58800B3E86E /* TodayViewController.swift */,
				6F8809A322A6C58800B3E86E /* MainInterface.storyboard */,
				6F8809A622A6C58800B3E86E /* Info.plist */,
				6F0866092416844F00D353F7 /* Note.swift */,
			);
			path = "ABBYY ext";
			sourceTree = "<group>";
		};
/* End PBXGroup section */

/* Begin PBXNativeTarget section */
		6F0ABF732299625F006A9748 /* ABBYY */ = {
			isa = PBXNativeTarget;
			buildConfigurationList = 6F0ABF8922996260006A9748 /* Build configuration list for PBXNativeTarget "ABBYY" */;
			buildPhases = (
				6F0ABF702299625F006A9748 /* Sources */,
				6F0ABF712299625F006A9748 /* Frameworks */,
				6F0ABF722299625F006A9748 /* Resources */,
				6F8809AD22A6C58800B3E86E /* Embed App Extensions */,
			);
			buildRules = (
			);
			dependencies = (
				6F8809A822A6C58800B3E86E /* PBXTargetDependency */,
			);
			name = ABBYY;
			productName = ABBYY;
			productReference = 6F0ABF742299625F006A9748 /* ABBYY.app */;
			productType = "com.apple.product-type.application";
		};
		6F26B0F2241426ED00574572 /* WatchNotification */ = {
			isa = PBXNativeTarget;
			buildConfigurationList = 6F26B0F8241426ED00574572 /* Build configuration list for PBXNativeTarget "WatchNotification" */;
			buildPhases = (
				6F26B0EF241426ED00574572 /* Sources */,
				6F26B0F0241426ED00574572 /* Frameworks */,
				6F26B0F1241426ED00574572 /* Resources */,
			);
			buildRules = (
			);
			dependencies = (
			);
			name = WatchNotification;
			productName = WatchNotification;
			productReference = 6F26B0F3241426ED00574572 /* WatchNotification.appex */;
			productType = "com.apple.product-type.app-extension";
		};
		6F88099B22A6C58800B3E86E /* ABBYY ext */ = {
			isa = PBXNativeTarget;
			buildConfigurationList = 6F8809AA22A6C58800B3E86E /* Build configuration list for PBXNativeTarget "ABBYY ext" */;
			buildPhases = (
				6F88099822A6C58800B3E86E /* Sources */,
				6F88099922A6C58800B3E86E /* Frameworks */,
				6F88099A22A6C58800B3E86E /* Resources */,
			);
			buildRules = (
			);
			dependencies = (
			);
			name = "ABBYY ext";
			productName = "ABBYY ext";
			productReference = 6F88099C22A6C58800B3E86E /* ABBYY ext.appex */;
			productType = "com.apple.product-type.app-extension";
		};
/* End PBXNativeTarget section */

/* Begin PBXProject section */
		6F0ABF6C2299625E006A9748 /* Project object */ = {
			isa = PBXProject;
			attributes = {
				LastSwiftUpdateCheck = 1130;
				LastUpgradeCheck = 1020;
				ORGANIZATIONNAME = "Roman Dubinskiy";
				TargetAttributes = {
					6F0ABF732299625F006A9748 = {
						CreatedOnToolsVersion = 10.2.1;
						SystemCapabilities = {
							com.apple.ApplicationGroups.iOS = {
								enabled = 1;
							};
						};
					};
					6F26B0F2241426ED00574572 = {
						CreatedOnToolsVersion = 11.3.1;
					};
					6F88099B22A6C58800B3E86E = {
						CreatedOnToolsVersion = 10.2.1;
						SystemCapabilities = {
							com.apple.ApplicationGroups.iOS = {
								enabled = 1;
							};
						};
					};
				};
			};
			buildConfigurationList = 6F0ABF6F2299625E006A9748 /* Build configuration list for PBXProject "ABBYY" */;
			compatibilityVersion = "Xcode 9.3";
			developmentRegion = en;
			hasScannedForEncodings = 0;
			knownRegions = (
				en,
				Base,
			);
			mainGroup = 6F0ABF6B2299625E006A9748;
			productRefGroup = 6F0ABF752299625F006A9748 /* Products */;
			projectDirPath = "";
			projectRoot = "";
			targets = (
				6F0ABF732299625F006A9748 /* ABBYY */,
				6F88099B22A6C58800B3E86E /* ABBYY ext */,
				6F26B0F2241426ED00574572 /* WatchNotification */,
			);
		};
/* End PBXProject section */

/* Begin PBXResourcesBuildPhase section */
		6F0ABF722299625F006A9748 /* Resources */ = {
			isa = PBXResourcesBuildPhase;
			buildActionMask = 2147483647;
			files = (
				6F0ABF8522996260006A9748 /* LaunchScreen.storyboard in Resources */,
				6F7ADCE62417CE3D0074B6F9 /* Quicksand-Bold.ttf in Resources */,
				6F7ADCEB2417DFC70074B6F9 /* Quicksand-M.ttf in Resources */,
				6F0ABF8222996260006A9748 /* Assets.xcassets in Resources */,
				6F7ADCF62418D0A90074B6F9 /* Comfortaa-Regular.ttf in Resources */,
				6F7ADCF32418D0A80074B6F9 /* Comfortaa-Light.ttf in Resources */,
				6F26B0E92413B3F800574572 /* Quicksand-Regular.ttf in Resources */,
				6F0ABF7D2299625F006A9748 /* Main.storyboard in Resources */,
				6F7ADCF92418D0A90074B6F9 /* Comfortaa-Bold.ttf in Resources */,
			);
			runOnlyForDeploymentPostprocessing = 0;
		};
		6F26B0F1241426ED00574572 /* Resources */ = {
			isa = PBXResourcesBuildPhase;
			buildActionMask = 2147483647;
			files = (
				6F7ADCF52418D0A90074B6F9 /* Comfortaa-Light.ttf in Resources */,
				6F7ADCED2417DFC70074B6F9 /* Quicksand-M.ttf in Resources */,
				6F7ADCFB2418D0A90074B6F9 /* Comfortaa-Bold.ttf in Resources */,
				6F7ADCE82417CE3D0074B6F9 /* Quicksand-Bold.ttf in Resources */,
				6F7ADCF82418D0A90074B6F9 /* Comfortaa-Regular.ttf in Resources */,
				6F7ADCE92417DFC00074B6F9 /* Quicksand-Regular.ttf in Resources */,
			);
			runOnlyForDeploymentPostprocessing = 0;
		};
		6F88099A22A6C58800B3E86E /* Resources */ = {
			isa = PBXResourcesBuildPhase;
			buildActionMask = 2147483647;
			files = (
				6F7ADCEC2417DFC70074B6F9 /* Quicksand-M.ttf in Resources */,
				6F26B0EA2413B3F800574572 /* Quicksand-Regular.ttf in Resources */,
				6F8809A522A6C58800B3E86E /* MainInterface.storyboard in Resources */,
				6F7ADCE72417CE3D0074B6F9 /* Quicksand-Bold.ttf in Resources */,
				6F7ADCF72418D0A90074B6F9 /* Comfortaa-Regular.ttf in Resources */,
				6F7ADCF42418D0A90074B6F9 /* Comfortaa-Light.ttf in Resources */,
				6F7ADCFA2418D0A90074B6F9 /* Comfortaa-Bold.ttf in Resources */,
			);
			runOnlyForDeploymentPostprocessing = 0;
		};
/* End PBXResourcesBuildPhase section */

/* Begin PBXSourcesBuildPhase section */
		6F0ABF702299625F006A9748 /* Sources */ = {
			isa = PBXSourcesBuildPhase;
			buildActionMask = 2147483647;
			files = (
				6F88099322A677B500B3E86E /* TaskInfo.swift in Sources */,
				6F5F815A22A1A57B00F1A197 /* InformationViewController.swift in Sources */,
				6F0ABF8F229AA5EC006A9748 /* Note.swift in Sources */,
				6F0ABF7A2299625F006A9748 /* ViewController.swift in Sources */,
				6F0ABF92229AC9DD006A9748 /* CreateViewController.swift in Sources */,
				6F0ABF802299625F006A9748 /* ABBYY.xcdatamodeld in Sources */,
				6F0ABF8D229A9A82006A9748 /* CustomTableViewCell.swift in Sources */,
				6F0ABF782299625F006A9748 /* AppDelegate.swift in Sources */,
				6F0865F824167B3400D353F7 /* NewPS.swift in Sources */,
			);
			runOnlyForDeploymentPostprocessing = 0;
		};
		6F26B0EF241426ED00574572 /* Sources */ = {
			isa = PBXSourcesBuildPhase;
			buildActionMask = 2147483647;
			files = (
				6F26B0F6241426ED00574572 /* NotificationService.swift in Sources */,
				6F0865FE24167D1C00D353F7 /* ABBYY.xcdatamodeld in Sources */,
			);
			runOnlyForDeploymentPostprocessing = 0;
		};
		6F88099822A6C58800B3E86E /* Sources */ = {
			isa = PBXSourcesBuildPhase;
			buildActionMask = 2147483647;
			files = (
				6F086602241681F800D353F7 /* TodayViewController.swift in Sources */,
				6F0865FD24167D1B00D353F7 /* ABBYY.xcdatamodeld in Sources */,
				6F086608241682F600D353F7 /* NewPS.swift in Sources */,
				6F08660A2416844F00D353F7 /* Note.swift in Sources */,
			);
			runOnlyForDeploymentPostprocessing = 0;
		};
/* End PBXSourcesBuildPhase section */

/* Begin PBXTargetDependency section */
		6F8809A822A6C58800B3E86E /* PBXTargetDependency */ = {
			isa = PBXTargetDependency;
			target = 6F88099B22A6C58800B3E86E /* ABBYY ext */;
			targetProxy = 6F8809A722A6C58800B3E86E /* PBXContainerItemProxy */;
		};
/* End PBXTargetDependency section */

/* Begin PBXVariantGroup section */
		6F0ABF7B2299625F006A9748 /* Main.storyboard */ = {
			isa = PBXVariantGroup;
			children = (
				6F0ABF7C2299625F006A9748 /* Base */,
			);
			name = Main.storyboard;
			sourceTree = "<group>";
		};
		6F0ABF8322996260006A9748 /* LaunchScreen.storyboard */ = {
			isa = PBXVariantGroup;
			children = (
				6F0ABF8422996260006A9748 /* Base */,
			);
			name = LaunchScreen.storyboard;
			sourceTree = "<group>";
		};
		6F7ADCEF2417DFC70074B6F9 /* Quicksand-M.ttf */ = {
			isa = PBXVariantGroup;
			children = (
				6F7ADCEE2417DFC70074B6F9 /* Base */,
			);
			name = "Quicksand-M.ttf";
			sourceTree = "<group>";
		};
		6F8809A322A6C58800B3E86E /* MainInterface.storyboard */ = {
			isa = PBXVariantGroup;
			children = (
				6F8809A422A6C58800B3E86E /* Base */,
			);
			name = MainInterface.storyboard;
			sourceTree = "<group>";
		};
/* End PBXVariantGroup section */

/* Begin XCBuildConfiguration section */
		6F0ABF8722996260006A9748 /* Debug */ = {
			isa = XCBuildConfiguration;
			buildSettings = {
				ALWAYS_SEARCH_USER_PATHS = NO;
				CLANG_ANALYZER_NONNULL = YES;
				CLANG_ANALYZER_NUMBER_OBJECT_CONVERSION = YES_AGGRESSIVE;
				CLANG_CXX_LANGUAGE_STANDARD = "gnu++14";
				CLANG_CXX_LIBRARY = "libc++";
				CLANG_ENABLE_MODULES = YES;
				CLANG_ENABLE_OBJC_ARC = YES;
				CLANG_ENABLE_OBJC_WEAK = YES;
				CLANG_WARN_BLOCK_CAPTURE_AUTORELEASING = YES;
				CLANG_WARN_BOOL_CONVERSION = YES;
				CLANG_WARN_COMMA = YES;
				CLANG_WARN_CONSTANT_CONVERSION = YES;
				CLANG_WARN_DEPRECATED_OBJC_IMPLEMENTATIONS = YES;
				CLANG_WARN_DIRECT_OBJC_ISA_USAGE = YES_ERROR;
				CLANG_WARN_DOCUMENTATION_COMMENTS = YES;
				CLANG_WARN_EMPTY_BODY = YES;
				CLANG_WARN_ENUM_CONVERSION = YES;
				CLANG_WARN_INFINITE_RECURSION = YES;
				CLANG_WARN_INT_CONVERSION = YES;
				CLANG_WARN_NON_LITERAL_NULL_CONVERSION = YES;
				CLANG_WARN_OBJC_IMPLICIT_RETAIN_SELF = YES;
				CLANG_WARN_OBJC_LITERAL_CONVERSION = YES;
				CLANG_WARN_OBJC_ROOT_CLASS = YES_ERROR;
				CLANG_WARN_RANGE_LOOP_ANALYSIS = YES;
				CLANG_WARN_STRICT_PROTOTYPES = YES;
				CLANG_WARN_SUSPICIOUS_MOVE = YES;
				CLANG_WARN_UNGUARDED_AVAILABILITY = YES_AGGRESSIVE;
				CLANG_WARN_UNREACHABLE_CODE = YES;
				CLANG_WARN__DUPLICATE_METHOD_MATCH = YES;
				CODE_SIGN_IDENTITY = "iPhone Developer";
				COPY_PHASE_STRIP = NO;
				DEBUG_INFORMATION_FORMAT = dwarf;
				ENABLE_STRICT_OBJC_MSGSEND = YES;
				ENABLE_TESTABILITY = YES;
				GCC_C_LANGUAGE_STANDARD = gnu11;
				GCC_DYNAMIC_NO_PIC = NO;
				GCC_NO_COMMON_BLOCKS = YES;
				GCC_OPTIMIZATION_LEVEL = 0;
				GCC_PREPROCESSOR_DEFINITIONS = (
					"DEBUG=1",
					"$(inherited)",
				);
				GCC_WARN_64_TO_32_BIT_CONVERSION = YES;
				GCC_WARN_ABOUT_RETURN_TYPE = YES_ERROR;
				GCC_WARN_UNDECLARED_SELECTOR = YES;
				GCC_WARN_UNINITIALIZED_AUTOS = YES_AGGRESSIVE;
				GCC_WARN_UNUSED_FUNCTION = YES;
				GCC_WARN_UNUSED_VARIABLE = YES;
				IPHONEOS_DEPLOYMENT_TARGET = 12.2;
				MTL_ENABLE_DEBUG_INFO = INCLUDE_SOURCE;
				MTL_FAST_MATH = YES;
				ONLY_ACTIVE_ARCH = YES;
				SDKROOT = iphoneos;
				SWIFT_ACTIVE_COMPILATION_CONDITIONS = DEBUG;
				SWIFT_OPTIMIZATION_LEVEL = "-Onone";
			};
			name = Debug;
		};
		6F0ABF8822996260006A9748 /* Release */ = {
			isa = XCBuildConfiguration;
			buildSettings = {
				ALWAYS_SEARCH_USER_PATHS = NO;
				CLANG_ANALYZER_NONNULL = YES;
				CLANG_ANALYZER_NUMBER_OBJECT_CONVERSION = YES_AGGRESSIVE;
				CLANG_CXX_LANGUAGE_STANDARD = "gnu++14";
				CLANG_CXX_LIBRARY = "libc++";
				CLANG_ENABLE_MODULES = YES;
				CLANG_ENABLE_OBJC_ARC = YES;
				CLANG_ENABLE_OBJC_WEAK = YES;
				CLANG_WARN_BLOCK_CAPTURE_AUTORELEASING = YES;
				CLANG_WARN_BOOL_CONVERSION = YES;
				CLANG_WARN_COMMA = YES;
				CLANG_WARN_CONSTANT_CONVERSION = YES;
				CLANG_WARN_DEPRECATED_OBJC_IMPLEMENTATIONS = YES;
				CLANG_WARN_DIRECT_OBJC_ISA_USAGE = YES_ERROR;
				CLANG_WARN_DOCUMENTATION_COMMENTS = YES;
				CLANG_WARN_EMPTY_BODY = YES;
				CLANG_WARN_ENUM_CONVERSION = YES;
				CLANG_WARN_INFINITE_RECURSION = YES;
				CLANG_WARN_INT_CONVERSION = YES;
				CLANG_WARN_NON_LITERAL_NULL_CONVERSION = YES;
				CLANG_WARN_OBJC_IMPLICIT_RETAIN_SELF = YES;
				CLANG_WARN_OBJC_LITERAL_CONVERSION = YES;
				CLANG_WARN_OBJC_ROOT_CLASS = YES_ERROR;
				CLANG_WARN_RANGE_LOOP_ANALYSIS = YES;
				CLANG_WARN_STRICT_PROTOTYPES = YES;
				CLANG_WARN_SUSPICIOUS_MOVE = YES;
				CLANG_WARN_UNGUARDED_AVAILABILITY = YES_AGGRESSIVE;
				CLANG_WARN_UNREACHABLE_CODE = YES;
				CLANG_WARN__DUPLICATE_METHOD_MATCH = YES;
				CODE_SIGN_IDENTITY = "iPhone Developer";
				COPY_PHASE_STRIP = NO;
				DEBUG_INFORMATION_FORMAT = "dwarf-with-dsym";
				ENABLE_NS_ASSERTIONS = NO;
				ENABLE_STRICT_OBJC_MSGSEND = YES;
				GCC_C_LANGUAGE_STANDARD = gnu11;
				GCC_NO_COMMON_BLOCKS = YES;
				GCC_WARN_64_TO_32_BIT_CONVERSION = YES;
				GCC_WARN_ABOUT_RETURN_TYPE = YES_ERROR;
				GCC_WARN_UNDECLARED_SELECTOR = YES;
				GCC_WARN_UNINITIALIZED_AUTOS = YES_AGGRESSIVE;
				GCC_WARN_UNUSED_FUNCTION = YES;
				GCC_WARN_UNUSED_VARIABLE = YES;
				IPHONEOS_DEPLOYMENT_TARGET = 12.2;
				MTL_ENABLE_DEBUG_INFO = NO;
				MTL_FAST_MATH = YES;
				SDKROOT = iphoneos;
				SWIFT_COMPILATION_MODE = wholemodule;
				SWIFT_OPTIMIZATION_LEVEL = "-O";
				VALIDATE_PRODUCT = YES;
			};
			name = Release;
		};
		6F0ABF8A22996260006A9748 /* Debug */ = {
			isa = XCBuildConfiguration;
			buildSettings = {
				ALWAYS_EMBED_SWIFT_STANDARD_LIBRARIES = YES;
				ASSETCATALOG_COMPILER_APPICON_NAME = AppIcon;
				CODE_SIGN_ENTITLEMENTS = ABBYY/ABBYY.entitlements;
				CODE_SIGN_STYLE = Automatic;
				DEVELOPMENT_TEAM = A4GMNC2SM4;
				INFOPLIST_FILE = ABBYY/Info.plist;
				IPHONEOS_DEPLOYMENT_TARGET = 13.1;
				LD_RUNPATH_SEARCH_PATHS = (
					"$(inherited)",
					"@executable_path/Frameworks",
				);
				PRODUCT_BUNDLE_IDENTIFIER = "com.rvdubinskiy.ABBYY-2";
				PRODUCT_NAME = "$(TARGET_NAME)";
				SWIFT_VERSION = 5.0;
				TARGETED_DEVICE_FAMILY = "1,2";
			};
			name = Debug;
		};
		6F0ABF8B22996260006A9748 /* Release */ = {
			isa = XCBuildConfiguration;
			buildSettings = {
				ALWAYS_EMBED_SWIFT_STANDARD_LIBRARIES = YES;
				ASSETCATALOG_COMPILER_APPICON_NAME = AppIcon;
				CODE_SIGN_ENTITLEMENTS = ABBYY/ABBYY.entitlements;
				CODE_SIGN_STYLE = Automatic;
				DEVELOPMENT_TEAM = A4GMNC2SM4;
				INFOPLIST_FILE = ABBYY/Info.plist;
				IPHONEOS_DEPLOYMENT_TARGET = 13.1;
				LD_RUNPATH_SEARCH_PATHS = (
					"$(inherited)",
					"@executable_path/Frameworks",
				);
				PRODUCT_BUNDLE_IDENTIFIER = "com.rvdubinskiy.ABBYY-2";
				PRODUCT_NAME = "$(TARGET_NAME)";
				SWIFT_VERSION = 5.0;
				TARGETED_DEVICE_FAMILY = "1,2";
			};
			name = Release;
		};
		6F26B0F9241426ED00574572 /* Debug */ = {
			isa = XCBuildConfiguration;
			buildSettings = {
				CODE_SIGN_STYLE = Automatic;
				DEVELOPMENT_TEAM = CK4XPKYQ68;
				INFOPLIST_FILE = WatchNotification/Info.plist;
				LD_RUNPATH_SEARCH_PATHS = (
					"$(inherited)",
					"@executable_path/Frameworks",
					"@executable_path/../../Frameworks",
					"@executable_path/../../../../Frameworks",
				);
				PRODUCT_BUNDLE_IDENTIFIER = com.rvdubinskiy.ABBYY.WatchNotification;
				PRODUCT_NAME = "$(TARGET_NAME)";
				SDKROOT = watchos;
				SKIP_INSTALL = YES;
				SWIFT_VERSION = 5.0;
				TARGETED_DEVICE_FAMILY = 4;
				WATCHOS_DEPLOYMENT_TARGET = 6.1;
			};
			name = Debug;
		};
		6F26B0FA241426ED00574572 /* Release */ = {
			isa = XCBuildConfiguration;
			buildSettings = {
				CODE_SIGN_STYLE = Automatic;
				DEVELOPMENT_TEAM = CK4XPKYQ68;
				INFOPLIST_FILE = WatchNotification/Info.plist;
				LD_RUNPATH_SEARCH_PATHS = (
					"$(inherited)",
					"@executable_path/Frameworks",
					"@executable_path/../../Frameworks",
					"@executable_path/../../../../Frameworks",
				);
				PRODUCT_BUNDLE_IDENTIFIER = com.rvdubinskiy.ABBYY.WatchNotification;
				PRODUCT_NAME = "$(TARGET_NAME)";
				SDKROOT = watchos;
				SKIP_INSTALL = YES;
				SWIFT_VERSION = 5.0;
				TARGETED_DEVICE_FAMILY = 4;
				WATCHOS_DEPLOYMENT_TARGET = 6.1;
			};
			name = Release;
		};
		6F8809AB22A6C58800B3E86E /* Debug */ = {
			isa = XCBuildConfiguration;
			buildSettings = {
				CODE_SIGN_ENTITLEMENTS = "ABBYY ext/ABBYY ext.entitlements";
				CODE_SIGN_STYLE = Automatic;
				DEVELOPMENT_TEAM = A4GMNC2SM4;
				INFOPLIST_FILE = "ABBYY ext/Info.plist";
				LD_RUNPATH_SEARCH_PATHS = (
					"$(inherited)",
					"@executable_path/Frameworks",
					"@executable_path/../../Frameworks",
				);
				PRODUCT_BUNDLE_IDENTIFIER = "com.rvdubinskiy.ABBYY-2.ABBYY-ext";
				PRODUCT_NAME = "$(TARGET_NAME)";
				SKIP_INSTALL = YES;
				SWIFT_VERSION = 5.0;
				TARGETED_DEVICE_FAMILY = "1,2";
			};
			name = Debug;
		};
		6F8809AC22A6C58800B3E86E /* Release */ = {
			isa = XCBuildConfiguration;
			buildSettings = {
				CODE_SIGN_ENTITLEMENTS = "ABBYY ext/ABBYY ext.entitlements";
				CODE_SIGN_STYLE = Automatic;
				DEVELOPMENT_TEAM = A4GMNC2SM4;
				INFOPLIST_FILE = "ABBYY ext/Info.plist";
				LD_RUNPATH_SEARCH_PATHS = (
					"$(inherited)",
					"@executable_path/Frameworks",
					"@executable_path/../../Frameworks",
				);
				PRODUCT_BUNDLE_IDENTIFIER = "com.rvdubinskiy.ABBYY-2.ABBYY-ext";
				PRODUCT_NAME = "$(TARGET_NAME)";
				SKIP_INSTALL = YES;
				SWIFT_VERSION = 5.0;
				TARGETED_DEVICE_FAMILY = "1,2";
			};
			name = Release;
		};
/* End XCBuildConfiguration section */

/* Begin XCConfigurationList section */
		6F0ABF6F2299625E006A9748 /* Build configuration list for PBXProject "ABBYY" */ = {
			isa = XCConfigurationList;
			buildConfigurations = (
				6F0ABF8722996260006A9748 /* Debug */,
				6F0ABF8822996260006A9748 /* Release */,
			);
			defaultConfigurationIsVisible = 0;
			defaultConfigurationName = Release;
		};
		6F0ABF8922996260006A9748 /* Build configuration list for PBXNativeTarget "ABBYY" */ = {
			isa = XCConfigurationList;
			buildConfigurations = (
				6F0ABF8A22996260006A9748 /* Debug */,
				6F0ABF8B22996260006A9748 /* Release */,
			);
			defaultConfigurationIsVisible = 0;
			defaultConfigurationName = Release;
		};
		6F26B0F8241426ED00574572 /* Build configuration list for PBXNativeTarget "WatchNotification" */ = {
			isa = XCConfigurationList;
			buildConfigurations = (
				6F26B0F9241426ED00574572 /* Debug */,
				6F26B0FA241426ED00574572 /* Release */,
			);
			defaultConfigurationIsVisible = 0;
			defaultConfigurationName = Release;
		};
		6F8809AA22A6C58800B3E86E /* Build configuration list for PBXNativeTarget "ABBYY ext" */ = {
			isa = XCConfigurationList;
			buildConfigurations = (
				6F8809AB22A6C58800B3E86E /* Debug */,
				6F8809AC22A6C58800B3E86E /* Release */,
			);
			defaultConfigurationIsVisible = 0;
			defaultConfigurationName = Release;
		};
/* End XCConfigurationList section */

/* Begin XCVersionGroup section */
		6F0ABF7E2299625F006A9748 /* ABBYY.xcdatamodeld */ = {
			isa = XCVersionGroup;
			children = (
				6F0ABF7F2299625F006A9748 /* ABBYY.xcdatamodel */,
			);
			currentVersion = 6F0ABF7F2299625F006A9748 /* ABBYY.xcdatamodel */;
			path = ABBYY.xcdatamodeld;
			sourceTree = "<group>";
			versionGroupType = wrapper.xcdatamodel;
		};
/* End XCVersionGroup section */
	};
	rootObject = 6F0ABF6C2299625E006A9748 /* Project object */;
}
